# THIS IS AN AUTOGENERATED FILE. DO NOT EDIT THIS FILE DIRECTLY.
# yarn lockfile v1


robots-parser@^2.3.0:
  version "2.3.0"
  resolved "https://registry.yarnpkg.com/robots-parser/-/robots-parser-2.3.0.tgz#d79e86e26e13fa0a806adbc37f4cf1b96aebc8c3"
  integrity sha512-RvuCITckrHM9k8DxCCU9rqWpuuKRfVX9iHG751dC3/EdERxp9gJATxYYdYOT3L0T+TAT4+27lENisk/VbHm47A==
